
Microsoft Visual Studio Solution File, Format Version 12.00
# Visual Studio Version 17
VisualStudioVersion = 17.13.35913.81
MinimumVisualStudioVersion = 10.0.40219.1
Project("{8BC9CEB8-8B4A-11D0-8D11-00A0C91BC942}") = "Bench", "Bench\Bench.vcxproj", "{E744D3C9-C13E-44D2-9DEC-6A889BFE7BF7}"
EndProject
Project("{8BC9CEB8-8B4A-11D0-8D11-00A0C91BC942}") = "BenchPluginEmpty", "BenchPluginEmpty\BenchPluginEmpty.vcxproj", "{8332DDFB-EB64-439D-BB86-F251DECAB5FD}"
EndProject
Project("{2150E333-8FDC-42A3-9474-1A3956D46DE8}") = "Solution Items", "Solution Items", "{8EC462FD-D22E-90A8-E5CE-7E832BA40C5D}"
	ProjectSection(SolutionItems) = preProject
		config.yaml = config.yaml
		LICENSE = LICENSE
		README.md = README.md
	EndProjectSection
EndProject
Global
	GlobalSection(SolutionConfigurationPlatforms) = preSolution
		Debug|x64 = Debug|x64
		Debug|x86 = Debug|x86
		Release|x64 = Release|x64
		Release|x86 = Release|x86
	EndGlobalSection
	GlobalSection(ProjectConfigurationPlatforms) = postSolution
		{E744D3C9-C13E-44D2-9DEC-6A889BFE7BF7}.Debug|x64.ActiveCfg = Debug|x64
		{E744D3C9-C13E-44D2-9DEC-6A889BFE7BF7}.Debug|x64.Build.0 = Debug|x64
		{E744D3C9-C13E-44D2-9DEC-6A889BFE7BF7}.Debug|x86.ActiveCfg = Debug|Win32
		{E744D3C9-C13E-44D2-9DEC-6A889BFE7BF7}.Debug|x86.Build.0 = Debug|Win32
		{E744D3C9-C13E-44D2-9DEC-6A889BFE7BF7}.Release|x64.ActiveCfg = Release|x64
		{E744D3C9-C13E-44D2-9DEC-6A889BFE7BF7}.Release|x64.Build.0 = Release|x64
		{E744D3C9-C13E-44D2-9DEC-6A889BFE7BF7}.Release|x86.ActiveCfg = Release|Win32
		{E744D3C9-C13E-44D2-9DEC-6A889BFE7BF7}.Release|x86.Build.0 = Release|Win32
		{8332DDFB-EB64-439D-BB86-F251DECAB5FD}.Debug|x64.ActiveCfg = Debug|x64
		{8332DDFB-EB64-439D-BB86-F251DECAB5FD}.Debug|x64.Build.0 = Debug|x64
		{8332DDFB-EB64-439D-BB86-F251DECAB5FD}.Debug|x86.ActiveCfg = Debug|Win32
		{8332DDFB-EB64-439D-BB86-F251DECAB5FD}.Debug|x86.Build.0 = Debug|Win32
		{8332DDFB-EB64-439D-BB86-F251DECAB5FD}.Release|x64.ActiveCfg = Release|x64
		{8332DDFB-EB64-439D-BB86-F251DECAB5FD}.Release|x64.Build.0 = Release|x64
		{8332DDFB-EB64-439D-BB86-F251DECAB5FD}.Release|x86.ActiveCfg = Release|Win32
		{8332DDFB-EB64-439D-BB86-F251DECAB5FD}.Release|x86.Build.0 = Release|Win32
	EndGlobalSection
	GlobalSection(SolutionProperties) = preSolution
		HideSolutionNode = FALSE
	EndGlobalSection
	GlobalSection(ExtensibilityGlobals) = postSolution
		SolutionGuid = {FA9B97D4-581D-4AFF-80F0-468118ACEE6D}
	EndGlobalSection
EndGlobal
